Microsoft Visual Studio Solution File, Format Version 12.00
# Visual Studio Version 17
VisualStudioVersion = 17.5.2.0
MinimumVisualStudioVersion = 10.0.40219.1
Project("{FAE04EC0-301F-11D3-BF4B-00C04F79EFBC}") = "UfcAPI", "UfcAPI.csproj", "{5299C4B0-A3D0-5E7A-2FB7-30A478E9FC9F}"
EndProject
Global
	GlobalSection(SolutionConfigurationPlatforms) = preSolution
		Debug|Any CPU = Debug|Any CPU
		Release|Any CPU = Release|Any CPU
	EndGlobalSection
	GlobalSection(ProjectConfigurationPlatforms) = postSolution
		{5299C4B0-A3D0-5E7A-2FB7-30A478E9FC9F}.Debug|Any CPU.ActiveCfg = Debug|Any CPU
		{5299C4B0-A3D0-5E7A-2FB7-30A478E9FC9F}.Debug|Any CPU.Build.0 = Debug|Any CPU
		{5299C4B0-A3D0-5E7A-2FB7-30A478E9FC9F}.Release|Any CPU.ActiveCfg = Release|Any CPU
		{5299C4B0-A3D0-5E7A-2FB7-30A478E9FC9F}.Release|Any CPU.Build.0 = Release|Any CPU
	EndGlobalSection
	GlobalSection(SolutionProperties) = preSolution
		HideSolutionNode = FALSE
	EndGlobalSection
	GlobalSection(ExtensibilityGlobals) = postSolution
		SolutionGuid = {7C291F60-10EC-426D-A0F9-160DDE8B5BB5}
	EndGlobalSection
EndGlobal
